
Microsoft Visual Studio Solution File, Format Version 12.00
# Visual Studio Version 17
VisualStudioVersion = 17.3.32901.215
MinimumVisualStudioVersion = 10.0.40219.1
Project("{FAE04EC0-301F-11D3-BF4B-00C04F79EFBC}") = "webexemple", "webexemple\webexemple.csproj", "{846B79F2-2A14-46E0-B407-10FB8989880A}"
EndProject
Project("{FAE04EC0-301F-11D3-BF4B-00C04F79EFBC}") = "client", "client\client.csproj", "{0AF701C2-53BF-4019-B66E-C0B9A86F9374}"
	ProjectSection(ProjectDependencies) = postProject
		{846B79F2-2A14-46E0-B407-10FB8989880A} = {846B79F2-2A14-46E0-B407-10FB8989880A}
	EndProjectSection
EndProject
Global
	GlobalSection(SolutionConfigurationPlatforms) = preSolution
		Debug|Any CPU = Debug|Any CPU
		Release|Any CPU = Release|Any CPU
	EndGlobalSection
	GlobalSection(ProjectConfigurationPlatforms) = postSolution
		{846B79F2-2A14-46E0-B407-10FB8989880A}.Debug|Any CPU.ActiveCfg = Debug|Any CPU
		{846B79F2-2A14-46E0-B407-10FB8989880A}.Debug|Any CPU.Build.0 = Debug|Any CPU
		{846B79F2-2A14-46E0-B407-10FB8989880A}.Release|Any CPU.ActiveCfg = Release|Any CPU
		{846B79F2-2A14-46E0-B407-10FB8989880A}.Release|Any CPU.Build.0 = Release|Any CPU
		{0AF701C2-53BF-4019-B66E-C0B9A86F9374}.Debug|Any CPU.ActiveCfg = Debug|Any CPU
		{0AF701C2-53BF-4019-B66E-C0B9A86F9374}.Debug|Any CPU.Build.0 = Debug|Any CPU
		{0AF701C2-53BF-4019-B66E-C0B9A86F9374}.Release|Any CPU.ActiveCfg = Release|Any CPU
		{0AF701C2-53BF-4019-B66E-C0B9A86F9374}.Release|Any CPU.Build.0 = Release|Any CPU
	EndGlobalSection
	GlobalSection(SolutionProperties) = preSolution
		HideSolutionNode = FALSE
	EndGlobalSection
	GlobalSection(ExtensibilityGlobals) = postSolution
		SolutionGuid = {174EFB62-8BDB-4AC3-838E-0261A74A2707}
	EndGlobalSection
EndGlobal
